// !$*UTF8*$!
{
	archiveVersion = 1;
	classes = {
	};
	objectVersion = 46;
	objects = {

/* Begin PBXBuildFile section */
		814844171CBA25FA008831D2 /* webError.html in Resources */ = {isa = PBXBuildFile; fileRef = 814844141CBA25FA008831D2 /* webError.html */; };
		814844181CBA25FA008831D2 /* webError.png in Resources */ = {isa = PBXBuildFile; fileRef = 814844151CBA25FA008831D2 /* webError.png */; };
		8148441B1CBA26A3008831D2 /* JavaScriptCore.framework in Frameworks */ = {isa = PBXBuildFile; fileRef = 8148441A1CBA26A3008831D2 /* JavaScriptCore.framework */; };
		84FBCF651B15A3250062001B /* main.m in Sources */ = {isa = PBXBuildFile; fileRef = 84FBCF641B15A3250062001B /* main.m */; };
		84FBCF681B15A3250062001B /* AppDelegate.m in Sources */ = {isa = PBXBuildFile; fileRef = 84FBCF671B15A3250062001B /* AppDelegate.m */; };
		84FBCF6B1B15A3250062001B /* ViewController.m in Sources */ = {isa = PBXBuildFile; fileRef = 84FBCF6A1B15A3250062001B /* ViewController.m */; };
		84FBCF6E1B15A3250062001B /* Main.storyboard in Resources */ = {isa = PBXBuildFile; fileRef = 84FBCF6C1B15A3250062001B /* Main.storyboard */; };
		84FBCF701B15A3250062001B /* Images.xcassets in Resources */ = {isa = PBXBuildFile; fileRef = 84FBCF6F1B15A3250062001B /* Images.xcassets */; };
		84FBCF731B15A3250062001B /* LaunchScreen.xib in Resources */ = {isa = PBXBuildFile; fileRef = 84FBCF711B15A3250062001B /* LaunchScreen.xib */; };
		84FBCF7F1B15A3250062001B /* WebviewDemoTests.m in Sources */ = {isa = PBXBuildFile; fileRef = 84FBCF7E1B15A3250062001B /* WebviewDemoTests.m */; };
/* End PBXBuildFile section */

/* Begin PBXContainerItemProxy section */
		84FBCF791B15A3250062001B /* PBXContainerItemProxy */ = {
			isa = PBXContainerItemProxy;
			containerPortal = 84FBCF571B15A3240062001B /* Project object */;
			proxyType = 1;
			remoteGlobalIDString = 84FBCF5E1B15A3250062001B;
			remoteInfo = WebviewDemo;
		};
/* End PBXContainerItemProxy section */

/* Begin PBXFileReference section */
		814844141CBA25FA008831D2 /* webError.html */ = {isa = PBXFileReference; fileEncoding = 4; lastKnownFileType = text.html; path = webError.html; sourceTree = "<group>"; };
		814844151CBA25FA008831D2 /* webError.png */ = {isa = PBXFileReference; lastKnownFileType = image.png; path = webError.png; sourceTree = "<group>"; };
		8148441A1CBA26A3008831D2 /* JavaScriptCore.framework */ = {isa = PBXFileReference; lastKnownFileType = wrapper.framework; name = JavaScriptCore.framework; path = System/Library/Frameworks/JavaScriptCore.framework; sourceTree = SDKROOT; };
		84FBCF5F1B15A3250062001B /* WebviewDemo.app */ = {isa = PBXFileReference; explicitFileType = wrapper.application; includeInIndex = 0; path = WebviewDemo.app; sourceTree = BUILT_PRODUCTS_DIR; };
		84FBCF631B15A3250062001B /* Info.plist */ = {isa = PBXFileReference; lastKnownFileType = text.plist.xml; path = Info.plist; sourceTree = "<group>"; };
		84FBCF641B15A3250062001B /* main.m */ = {isa = PBXFileReference; lastKnownFileType = sourcecode.c.objc; path = main.m; sourceTree = "<group>"; };
		84FBCF661B15A3250062001B /* AppDelegate.h */ = {isa = PBXFileReference; lastKnownFileType = sourcecode.c.h; path = AppDelegate.h; sourceTree = "<group>"; };
		84FBCF671B15A3250062001B /* AppDelegate.m */ = {isa = PBXFileReference; lastKnownFileType = sourcecode.c.objc; path = AppDelegate.m; sourceTree = "<group>"; };
		84FBCF691B15A3250062001B /* ViewController.h */ = {isa = PBXFileReference; lastKnownFileType = sourcecode.c.h; path = ViewController.h; sourceTree = "<group>"; };
		84FBCF6A1B15A3250062001B /* ViewController.m */ = {isa = PBXFileReference; lastKnownFileType = sourcecode.c.objc; path = ViewController.m; sourceTree = "<group>"; };
		84FBCF6D1B15A3250062001B /* Base */ = {isa = PBXFileReference; lastKnownFileType = file.storyboard; name = Base; path = Base.lproj/Main.storyboard; sourceTree = "<group>"; };
		84FBCF6F1B15A3250062001B /* Images.xcassets */ = {isa = PBXFileReference; lastKnownFileType = folder.assetcatalog; path = Images.xcassets; sourceTree = "<group>"; };
		84FBCF721B15A3250062001B /* Base */ = {isa = PBXFileReference; lastKnownFileType = file.xib; name = Base; path = Base.lproj/LaunchScreen.xib; sourceTree = "<group>"; };
		84FBCF781B15A3250062001B /* WebviewDemoTests.xctest */ = {isa = PBXFileReference; explicitFileType = wrapper.cfbundle; includeInIndex = 0; path = WebviewDemoTests.xctest; sourceTree = BUILT_PRODUCTS_DIR; };
		84FBCF7D1B15A3250062001B /* Info.plist */ = {isa = PBXFileReference; lastKnownFileType = text.plist.xml; path = Info.plist; sourceTree = "<group>"; };
		84FBCF7E1B15A3250062001B /* WebviewDemoTests.m */ = {isa = PBXFileReference; lastKnownFileType = sourcecode.c.objc; path = WebviewDemoTests.m; sourceTree = "<group>"; };
/* End PBXFileReference section */

/* Begin PBXFrameworksBuildPhase section */
		84FBCF5C1B15A3250062001B /* Frameworks */ = {
			isa = PBXFrameworksBuildPhase;
			buildActionMask = 2147483647;
			files = (
				8148441B1CBA26A3008831D2 /* JavaScriptCore.framework in Frameworks */,
			);
			runOnlyForDeploymentPostprocessing = 0;
		};
		84FBCF751B15A3250062001B /* Frameworks */ = {
			isa = PBXFrameworksBuildPhase;
			buildActionMask = 2147483647;
			files = (
			);
			runOnlyForDeploymentPostprocessing = 0;
		};
/* End PBXFrameworksBuildPhase section */

/* Begin PBXGroup section */
		814844131CBA25FA008831D2 /* WebViewError */ = {
			isa = PBXGroup;
			children = (
				814844141CBA25FA008831D2 /* webError.html */,
				814844151CBA25FA008831D2 /* webError.png */,
			);
			path = WebViewError;
			sourceTree = "<group>";
		};
		84FBCF561B15A3240062001B = {
			isa = PBXGroup;
			children = (
				8148441A1CBA26A3008831D2 /* JavaScriptCore.framework */,
				84FBCF611B15A3250062001B /* WebviewDemo */,
				84FBCF7B1B15A3250062001B /* WebviewDemoTests */,
				84FBCF601B15A3250062001B /* Products */,
			);
			sourceTree = "<group>";
		};
		84FBCF601B15A3250062001B /* Products */ = {
			isa = PBXGroup;
			children = (
				84FBCF5F1B15A3250062001B /* WebviewDemo.app */,
				84FBCF781B15A3250062001B /* WebviewDemoTests.xctest */,
			);
			name = Products;
			sourceTree = "<group>";
		};
		84FBCF611B15A3250062001B /* WebviewDemo */ = {
			isa = PBXGroup;
			children = (
				84FBCF661B15A3250062001B /* AppDelegate.h */,
				84FBCF671B15A3250062001B /* AppDelegate.m */,
				84FBCF691B15A3250062001B /* ViewController.h */,
				84FBCF6A1B15A3250062001B /* ViewController.m */,
				814844131CBA25FA008831D2 /* WebViewError */,
				84FBCF6C1B15A3250062001B /* Main.storyboard */,
				84FBCF6F1B15A3250062001B /* Images.xcassets */,
				84FBCF711B15A3250062001B /* LaunchScreen.xib */,
				84FBCF621B15A3250062001B /* Supporting Files */,
			);
			path = WebviewDemo;
			sourceTree = "<group>";
		};
		84FBCF621B15A3250062001B /* Supporting Files */ = {
			isa = PBXGroup;
			children = (
				84FBCF631B15A3250062001B /* Info.plist */,
				84FBCF641B15A3250062001B /* main.m */,
			);
			name = "Supporting Files";
			sourceTree = "<group>";
		};
		84FBCF7B1B15A3250062001B /* WebviewDemoTests */ = {
			isa = PBXGroup;
			children = (
				84FBCF7E1B15A3250062001B /* WebviewDemoTests.m */,
				84FBCF7C1B15A3250062001B /* Supporting Files */,
			);
			path = WebviewDemoTests;
			sourceTree = "<group>";
		};
		84FBCF7C1B15A3250062001B /* Supporting Files */ = {
			isa = PBXGroup;
			children = (
				84FBCF7D1B15A3250062001B /* Info.plist */,
			);
			name = "Supporting Files";
			sourceTree = "<group>";
		};
/* End PBXGroup section */

/* Begin PBXNativeTarget section */
		84FBCF5E1B15A3250062001B /* WebviewDemo */ = {
			isa = PBXNativeTarget;
			buildConfigurationList = 84FBCF821B15A3250062001B /* Build configuration list for PBXNativeTarget "WebviewDemo" */;
			buildPhases = (
				84FBCF5B1B15A3250062001B /* Sources */,
				84FBCF5C1B15A3250062001B /* Frameworks */,
				84FBCF5D1B15A3250062001B /* Resources */,
			);
			buildRules = (
			);
			dependencies = (
			);
			name = WebviewDemo;
			productName = WebviewDemo;
			productReference = 84FBCF5F1B15A3250062001B /* WebviewDemo.app */;
			productType = "com.apple.product-type.application";
		};
		84FBCF771B15A3250062001B /* WebviewDemoTests */ = {
			isa = PBXNativeTarget;
			buildConfigurationList = 84FBCF851B15A3250062001B /* Build configuration list for PBXNativeTarget "WebviewDemoTests" */;
			buildPhases = (
				84FBCF741B15A3250062001B /* Sources */,
				84FBCF751B15A3250062001B /* Frameworks */,
				84FBCF761B15A3250062001B /* Resources */,
			);
			buildRules = (
			);
			dependencies = (
				84FBCF7A1B15A3250062001B /* PBXTargetDependency */,
			);
			name = WebviewDemoTests;
			productName = WebviewDemoTests;
			productReference = 84FBCF781B15A3250062001B /* WebviewDemoTests.xctest */;
			productType = "com.apple.product-type.bundle.unit-test";
		};
/* End PBXNativeTarget section */

/* Begin PBXProject section */
		84FBCF571B15A3240062001B /* Project object */ = {
			isa = PBXProject;
			attributes = {
				LastUpgradeCheck = 0630;
				ORGANIZATIONNAME = admin;
				TargetAttributes = {
					84FBCF5E1B15A3250062001B = {
						CreatedOnToolsVersion = 6.3.2;
					};
					84FBCF771B15A3250062001B = {
						CreatedOnToolsVersion = 6.3.2;
						TestTargetID = 84FBCF5E1B15A3250062001B;
					};
				};
			};
			buildConfigurationList = 84FBCF5A1B15A3250062001B /* Build configuration list for PBXProject "WebviewDemo" */;
			compatibilityVersion = "Xcode 3.2";
			developmentRegion = English;
			hasScannedForEncodings = 0;
			knownRegions = (
				en,
				Base,
			);
			mainGroup = 84FBCF561B15A3240062001B;
			productRefGroup = 84FBCF601B15A3250062001B /* Products */;
			projectDirPath = "";
			projectRoot = "";
			targets = (
				84FBCF5E1B15A3250062001B /* WebviewDemo */,
				84FBCF771B15A3250062001B /* WebviewDemoTests */,
			);
		};
/* End PBXProject section */

/* Begin PBXResourcesBuildPhase section */
		84FBCF5D1B15A3250062001B /* Resources */ = {
			isa = PBXResourcesBuildPhase;
			buildActionMask = 2147483647;
			files = (
				814844171CBA25FA008831D2 /* webError.html in Resources */,
				84FBCF6E1B15A3250062001B /* Main.storyboard in Resources */,
				814844181CBA25FA008831D2 /* webError.png in Resources */,
				84FBCF731B15A3250062001B /* LaunchScreen.xib in Resources */,
				84FBCF701B15A3250062001B /* Images.xcassets in Resources */,
			);
			runOnlyForDeploymentPostprocessing = 0;
		};
		84FBCF761B15A3250062001B /* Resources */ = {
			isa = PBXResourcesBuildPhase;
			buildActionMask = 2147483647;
			files = (
			);
			runOnlyForDeploymentPostprocessing = 0;
		};
/* End PBXResourcesBuildPhase section */

/* Begin PBXSourcesBuildPhase section */
		84FBCF5B1B15A3250062001B /* Sources */ = {
			isa = PBXSourcesBuildPhase;
			buildActionMask = 2147483647;
			files = (
				84FBCF6B1B15A3250062001B /* ViewController.m in Sources */,
				84FBCF681B15A3250062001B /* AppDelegate.m in Sources */,
				84FBCF651B15A3250062001B /* main.m in Sources */,
			);
			runOnlyForDeploymentPostprocessing = 0;
		};
		84FBCF741B15A3250062001B /* Sources */ = {
			isa = PBXSourcesBuildPhase;
			buildActionMask = 2147483647;
			files = (
				84FBCF7F1B15A3250062001B /* WebviewDemoTests.m in Sources */,
			);
			runOnlyForDeploymentPostprocessing = 0;
		};
/* End PBXSourcesBuildPhase section */

/* Begin PBXTargetDependency section */
		84FBCF7A1B15A3250062001B /* PBXTargetDependency */ = {
			isa = PBXTargetDependency;
			target = 84FBCF5E1B15A3250062001B /* WebviewDemo */;
			targetProxy = 84FBCF791B15A3250062001B /* PBXContainerItemProxy */;
		};
/* End PBXTargetDependency section */

/* Begin PBXVariantGroup section */
		84FBCF6C1B15A3250062001B /* Main.storyboard */ = {
			isa = PBXVariantGroup;
			children = (
				84FBCF6D1B15A3250062001B /* Base */,
			);
			name = Main.storyboard;
			sourceTree = "<group>";
		};
		84FBCF711B15A3250062001B /* LaunchScreen.xib */ = {
			isa = PBXVariantGroup;
			children = (
				84FBCF721B15A3250062001B /* Base */,
			);
			name = LaunchScreen.xib;
			sourceTree = "<group>";
		};
/* End PBXVariantGroup section */

/* Begin XCBuildConfiguration section */
		84FBCF801B15A3250062001B /* Debug */ = {
			isa = XCBuildConfiguration;
			buildSettings = {
				ALWAYS_SEARCH_USER_PATHS = NO;
				CLANG_CXX_LANGUAGE_STANDARD = "gnu++0x";
				CLANG_CXX_LIBRARY = "libc++";
				CLANG_ENABLE_MODULES = YES;
				CLANG_ENABLE_OBJC_ARC = YES;
				CLANG_WARN_BOOL_CONVERSION = YES;
				CLANG_WARN_CONSTANT_CONVERSION = YES;
				CLANG_WARN_DIRECT_OBJC_ISA_USAGE = YES_ERROR;
				CLANG_WARN_EMPTY_BODY = YES;
				CLANG_WARN_ENUM_CONVERSION = YES;
				CLANG_WARN_INT_CONVERSION = YES;
				CLANG_WARN_OBJC_ROOT_CLASS = YES_ERROR;
				CLANG_WARN_UNREACHABLE_CODE = YES;
				CLANG_WARN__DUPLICATE_METHOD_MATCH = YES;
				"CODE_SIGN_IDENTITY[sdk=iphoneos*]" = "iPhone Developer";
				COPY_PHASE_STRIP = NO;
				DEBUG_INFORMATION_FORMAT = "dwarf-with-dsym";
				ENABLE_STRICT_OBJC_MSGSEND = YES;
				GCC_C_LANGUAGE_STANDARD = gnu99;
				GCC_DYNAMIC_NO_PIC = NO;
				GCC_NO_COMMON_BLOCKS = YES;
				GCC_OPTIMIZATION_LEVEL = 0;
				GCC_PREPROCESSOR_DEFINITIONS = (
					"DEBUG=1",
					"$(inherited)",
				);
				GCC_SYMBOLS_PRIVATE_EXTERN = NO;
				GCC_WARN_64_TO_32_BIT_CONVERSION = YES;
				GCC_WARN_ABOUT_RETURN_TYPE = YES_ERROR;
				GCC_WARN_UNDECLARED_SELECTOR = YES;
				GCC_WARN_UNINITIALIZED_AUTOS = YES_AGGRESSIVE;
				GCC_WARN_UNUSED_FUNCTION = YES;
				GCC_WARN_UNUSED_VARIABLE = YES;
				IPHONEOS_DEPLOYMENT_TARGET = 8.3;
				MTL_ENABLE_DEBUG_INFO = YES;
				ONLY_ACTIVE_ARCH = YES;
				SDKROOT = iphoneos;
			};
			name = Debug;
		};
		84FBCF811B15A3250062001B /* Release */ = {
			isa = XCBuildConfiguration;
			buildSettings = {
				ALWAYS_SEARCH_USER_PATHS = NO;
				CLANG_CXX_LANGUAGE_STANDARD = "gnu++0x";
				CLANG_CXX_LIBRARY = "libc++";
				CLANG_ENABLE_MODULES = YES;
				CLANG_ENABLE_OBJC_ARC = YES;
				CLANG_WARN_BOOL_CONVERSION = YES;
				CLANG_WARN_CONSTANT_CONVERSION = YES;
				CLANG_WARN_DIRECT_OBJC_ISA_USAGE = YES_ERROR;
				CLANG_WARN_EMPTY_BODY = YES;
				CLANG_WARN_ENUM_CONVERSION = YES;
				CLANG_WARN_INT_CONVERSION = YES;
				CLANG_WARN_OBJC_ROOT_CLASS = YES_ERROR;
				CLANG_WARN_UNREACHABLE_CODE = YES;
				CLANG_WARN__DUPLICATE_METHOD_MATCH = YES;
				"CODE_SIGN_IDENTITY[sdk=iphoneos*]" = "iPhone Developer";
				COPY_PHASE_STRIP = NO;
				DEBUG_INFORMATION_FORMAT = "dwarf-with-dsym";
				ENABLE_NS_ASSERTIONS = NO;
				ENABLE_STRICT_OBJC_MSGSEND = YES;
				GCC_C_LANGUAGE_STANDARD = gnu99;
				GCC_NO_COMMON_BLOCKS = YES;
				GCC_WARN_64_TO_32_BIT_CONVERSION = YES;
				GCC_WARN_ABOUT_RETURN_TYPE = YES_ERROR;
				GCC_WARN_UNDECLARED_SELECTOR = YES;
				GCC_WARN_UNINITIALIZED_AUTOS = YES_AGGRESSIVE;
				GCC_WARN_UNUSED_FUNCTION = YES;
				GCC_WARN_UNUSED_VARIABLE = YES;
				IPHONEOS_DEPLOYMENT_TARGET = 8.3;
				MTL_ENABLE_DEBUG_INFO = NO;
				SDKROOT = iphoneos;
				VALIDATE_PRODUCT = YES;
			};
			name = Release;
		};
		84FBCF831B15A3250062001B /* Debug */ = {
			isa = XCBuildConfiguration;
			buildSettings = {
				ASSETCATALOG_COMPILER_APPICON_NAME = AppIcon;
				INFOPLIST_FILE = WebviewDemo/Info.plist;
				LD_RUNPATH_SEARCH_PATHS = "$(inherited) @executable_path/Frameworks";
				PRODUCT_NAME = "$(TARGET_NAME)";
			};
			name = Debug;
		};
		84FBCF841B15A3250062001B /* Release */ = {
			isa = XCBuildConfiguration;
			buildSettings = {
				ASSETCATALOG_COMPILER_APPICON_NAME = AppIcon;
				INFOPLIST_FILE = WebviewDemo/Info.plist;
				LD_RUNPATH_SEARCH_PATHS = "$(inherited) @executable_path/Frameworks";
				PRODUCT_NAME = "$(TARGET_NAME)";
			};
			name = Release;
		};
		84FBCF861B15A3250062001B /* Debug */ = {
			isa = XCBuildConfiguration;
			buildSettings = {
				BUNDLE_LOADER = "$(TEST_HOST)";
				FRAMEWORK_SEARCH_PATHS = (
					"$(SDKROOT)/Developer/Library/Frameworks",
					"$(inherited)",
				);
				GCC_PREPROCESSOR_DEFINITIONS = (
					"DEBUG=1",
					"$(inherited)",
				);
				INFOPLIST_FILE = WebviewDemoTests/Info.plist;
				LD_RUNPATH_SEARCH_PATHS = "$(inherited) @executable_path/Frameworks @loader_path/Frameworks";
				PRODUCT_NAME = "$(TARGET_NAME)";
				TEST_HOST = "$(BUILT_PRODUCTS_DIR)/WebviewDemo.app/WebviewDemo";
			};
			name = Debug;
		};
		84FBCF871B15A3250062001B /* Release */ = {
			isa = XCBuildConfiguration;
			buildSettings = {
				BUNDLE_LOADER = "$(TEST_HOST)";
				FRAMEWORK_SEARCH_PATHS = (
					"$(SDKROOT)/Developer/Library/Frameworks",
					"$(inherited)",
				);
				INFOPLIST_FILE = WebviewDemoTests/Info.plist;
				LD_RUNPATH_SEARCH_PATHS = "$(inherited) @executable_path/Frameworks @loader_path/Frameworks";
				PRODUCT_NAME = "$(TARGET_NAME)";
				TEST_HOST = "$(BUILT_PRODUCTS_DIR)/WebviewDemo.app/WebviewDemo";
			};
			name = Release;
		};
/* End XCBuildConfiguration section */

/* Begin XCConfigurationList section */
		84FBCF5A1B15A3250062001B /* Build configuration list for PBXProject "WebviewDemo" */ = {
			isa = XCConfigurationList;
			buildConfigurations = (
				84FBCF801B15A3250062001B /* Debug */,
				84FBCF811B15A3250062001B /* Release */,
			);
			defaultConfigurationIsVisible = 0;
			defaultConfigurationName = Release;
		};
		84FBCF821B15A3250062001B /* Build configuration list for PBXNativeTarget "WebviewDemo" */ = {
			isa = XCConfigurationList;
			buildConfigurations = (
				84FBCF831B15A3250062001B /* Debug */,
				84FBCF841B15A3250062001B /* Release */,
			);
			defaultConfigurationIsVisible = 0;
			defaultConfigurationName = Release;
		};
		84FBCF851B15A3250062001B /* Build configuration list for PBXNativeTarget "WebviewDemoTests" */ = {
			isa = XCConfigurationList;
			buildConfigurations = (
				84FBCF861B15A3250062001B /* Debug */,
				84FBCF871B15A3250062001B /* Release */,
			);
			defaultConfigurationIsVisible = 0;
			defaultConfigurationName = Release;
		};
/* End XCConfigurationList section */
	};
	rootObject = 84FBCF571B15A3240062001B /* Project object */;
}
